
Microsoft Visual Studio Solution File, Format Version 12.00
# Visual Studio Version 16
VisualStudioVersion = 16.0.30114.105
MinimumVisualStudioVersion = 10.0.40219.1
Project("{2150E333-8FDC-42A3-9474-1A3956D46DE8}") = "src", "src", "{63F191E6-F4B5-4237-BAB8-54244A331611}"
EndProject
Project("{FAE04EC0-301F-11D3-BF4B-00C04F79EFBC}") = "DtoGenerators", "src\DtoGenerators\DtoGenerators.csproj", "{A7840816-26BB-48AB-91E8-896CB3297730}"
EndProject
Project("{FAE04EC0-301F-11D3-BF4B-00C04F79EFBC}") = "SourceGenerators.TestApp", "src\SourceGenerators.TestApp\SourceGenerators.TestApp.csproj", "{7C64E688-DBAA-412D-9766-AB05E9E22F9A}"
EndProject
Global
	GlobalSection(SolutionConfigurationPlatforms) = preSolution
		Debug|Any CPU = Debug|Any CPU
		Debug|x64 = Debug|x64
		Debug|x86 = Debug|x86
		Release|Any CPU = Release|Any CPU
		Release|x64 = Release|x64
		Release|x86 = Release|x86
	EndGlobalSection
	GlobalSection(SolutionProperties) = preSolution
		HideSolutionNode = FALSE
	EndGlobalSection
	GlobalSection(ProjectConfigurationPlatforms) = postSolution
		{A7840816-26BB-48AB-91E8-896CB3297730}.Debug|Any CPU.ActiveCfg = Debug|Any CPU
		{A7840816-26BB-48AB-91E8-896CB3297730}.Debug|Any CPU.Build.0 = Debug|Any CPU
		{A7840816-26BB-48AB-91E8-896CB3297730}.Debug|x64.ActiveCfg = Debug|Any CPU
		{A7840816-26BB-48AB-91E8-896CB3297730}.Debug|x64.Build.0 = Debug|Any CPU
		{A7840816-26BB-48AB-91E8-896CB3297730}.Debug|x86.ActiveCfg = Debug|Any CPU
		{A7840816-26BB-48AB-91E8-896CB3297730}.Debug|x86.Build.0 = Debug|Any CPU
		{A7840816-26BB-48AB-91E8-896CB3297730}.Release|Any CPU.ActiveCfg = Release|Any CPU
		{A7840816-26BB-48AB-91E8-896CB3297730}.Release|Any CPU.Build.0 = Release|Any CPU
		{A7840816-26BB-48AB-91E8-896CB3297730}.Release|x64.ActiveCfg = Release|Any CPU
		{A7840816-26BB-48AB-91E8-896CB3297730}.Release|x64.Build.0 = Release|Any CPU
		{A7840816-26BB-48AB-91E8-896CB3297730}.Release|x86.ActiveCfg = Release|Any CPU
		{A7840816-26BB-48AB-91E8-896CB3297730}.Release|x86.Build.0 = Release|Any CPU
		{7C64E688-DBAA-412D-9766-AB05E9E22F9A}.Debug|Any CPU.ActiveCfg = Debug|Any CPU
		{7C64E688-DBAA-412D-9766-AB05E9E22F9A}.Debug|Any CPU.Build.0 = Debug|Any CPU
		{7C64E688-DBAA-412D-9766-AB05E9E22F9A}.Debug|x64.ActiveCfg = Debug|Any CPU
		{7C64E688-DBAA-412D-9766-AB05E9E22F9A}.Debug|x64.Build.0 = Debug|Any CPU
		{7C64E688-DBAA-412D-9766-AB05E9E22F9A}.Debug|x86.ActiveCfg = Debug|Any CPU
		{7C64E688-DBAA-412D-9766-AB05E9E22F9A}.Debug|x86.Build.0 = Debug|Any CPU
		{7C64E688-DBAA-412D-9766-AB05E9E22F9A}.Release|Any CPU.ActiveCfg = Release|Any CPU
		{7C64E688-DBAA-412D-9766-AB05E9E22F9A}.Release|Any CPU.Build.0 = Release|Any CPU
		{7C64E688-DBAA-412D-9766-AB05E9E22F9A}.Release|x64.ActiveCfg = Release|Any CPU
		{7C64E688-DBAA-412D-9766-AB05E9E22F9A}.Release|x64.Build.0 = Release|Any CPU
		{7C64E688-DBAA-412D-9766-AB05E9E22F9A}.Release|x86.ActiveCfg = Release|Any CPU
		{7C64E688-DBAA-412D-9766-AB05E9E22F9A}.Release|x86.Build.0 = Release|Any CPU
	EndGlobalSection
	GlobalSection(NestedProjects) = preSolution
		{A7840816-26BB-48AB-91E8-896CB3297730} = {63F191E6-F4B5-4237-BAB8-54244A331611}
		{7C64E688-DBAA-412D-9766-AB05E9E22F9A} = {63F191E6-F4B5-4237-BAB8-54244A331611}
	EndGlobalSection
EndGlobal
